
Microsoft Visual Studio Solution File, Format Version 12.00
# Visual Studio Version 16
VisualStudioVersion = 16.0.30413.136
MinimumVisualStudioVersion = 10.0.40219.1
Project("{FAE04EC0-301F-11D3-BF4B-00C04F79EFBC}") = "CMS_CORE_NG", "CMS_CORE_NG.csproj", "{42E8EF9A-ED6C-47B4-9758-EFBF7897A22B}"
EndProject
Global
	GlobalSection(SolutionConfigurationPlatforms) = preSolution
		Debug|Any CPU = Debug|Any CPU
		Release|Any CPU = Release|Any CPU
	EndGlobalSection
	GlobalSection(ProjectConfigurationPlatforms) = postSolution
		{42E8EF9A-ED6C-47B4-9758-EFBF7897A22B}.Debug|Any CPU.ActiveCfg = Debug|Any CPU
		{42E8EF9A-ED6C-47B4-9758-EFBF7897A22B}.Debug|Any CPU.Build.0 = Debug|Any CPU
		{42E8EF9A-ED6C-47B4-9758-EFBF7897A22B}.Release|Any CPU.ActiveCfg = Release|Any CPU
		{42E8EF9A-ED6C-47B4-9758-EFBF7897A22B}.Release|Any CPU.Build.0 = Release|Any CPU
	EndGlobalSection
	GlobalSection(SolutionProperties) = preSolution
		HideSolutionNode = FALSE
	EndGlobalSection
	GlobalSection(ExtensibilityGlobals) = postSolution
		SolutionGuid = {C2B35362-7F82-41F8-AB30-C26968D535FA}
	EndGlobalSection
EndGlobal
